// !$*UTF8*$!
{
	archiveVersion = 1;
	classes = {
	};
	objectVersion = 56;
	objects = {

/* Begin PBXBuildFile section */
		4FDB3157D4A0DD1F1C81F139 /* Pods_ImgurGallery.framework in Frameworks */ = {isa = PBXBuildFile; fileRef = B4857B2A3A8A38009AA23E65 /* Pods_ImgurGallery.framework */; };
		7D3AAF372B8A3CB300179ED5 /* GalleryViewModel.swift in Sources */ = {isa = PBXBuildFile; fileRef = 7D3AAF362B8A3CB300179ED5 /* GalleryViewModel.swift */; };
		7D3AAF3A2B8A3E2C00179ED5 /* GalleryService.swift in Sources */ = {isa = PBXBuildFile; fileRef = 7D3AAF392B8A3E2C00179ED5 /* GalleryService.swift */; };
		7D3AAF3C2B8A49CA00179ED5 /* Image.swift in Sources */ = {isa = PBXBuildFile; fileRef = 7D3AAF3B2B8A49CA00179ED5 /* Image.swift */; };
		7D3AAF3E2B8AA74700179ED5 /* GalleryView.swift in Sources */ = {isa = PBXBuildFile; fileRef = 7D3AAF3D2B8AA74700179ED5 /* GalleryView.swift */; };
		7D3AAF402B8AAD9E00179ED5 /* Observable.swift in Sources */ = {isa = PBXBuildFile; fileRef = 7D3AAF3F2B8AAD9E00179ED5 /* Observable.swift */; };
		7D3AAF422B8AAE3100179ED5 /* ImageViewCellViewModel.swift in Sources */ = {isa = PBXBuildFile; fileRef = 7D3AAF412B8AAE3100179ED5 /* ImageViewCellViewModel.swift */; };
		7DAF60612B8982A30089FE2C /* AppDelegate.swift in Sources */ = {isa = PBXBuildFile; fileRef = 7DAF60602B8982A30089FE2C /* AppDelegate.swift */; };
		7DAF60632B8982A30089FE2C /* SceneDelegate.swift in Sources */ = {isa = PBXBuildFile; fileRef = 7DAF60622B8982A30089FE2C /* SceneDelegate.swift */; };
		7DAF60652B8982A30089FE2C /* GalleryViewController.swift in Sources */ = {isa = PBXBuildFile; fileRef = 7DAF60642B8982A30089FE2C /* GalleryViewController.swift */; };
		7DAF606A2B8982A60089FE2C /* Assets.xcassets in Resources */ = {isa = PBXBuildFile; fileRef = 7DAF60692B8982A60089FE2C /* Assets.xcassets */; };
		7DAF606D2B8982A60089FE2C /* LaunchScreen.storyboard in Resources */ = {isa = PBXBuildFile; fileRef = 7DAF606B2B8982A60089FE2C /* LaunchScreen.storyboard */; };
		7DAF60752B8996300089FE2C /* ImageViewCell.swift in Sources */ = {isa = PBXBuildFile; fileRef = 7DAF60742B8996300089FE2C /* ImageViewCell.swift */; };
		7DD982A32B8C018300B1875C /* GalleryViewModelTests.swift in Sources */ = {isa = PBXBuildFile; fileRef = 7DD982A22B8C018300B1875C /* GalleryViewModelTests.swift */; };
		7DD982AB2B8C095A00B1875C /* ImgurGalleryUITests.swift in Sources */ = {isa = PBXBuildFile; fileRef = 7DD982AA2B8C095A00B1875C /* ImgurGalleryUITests.swift */; };
		7DD982AD2B8C095A00B1875C /* ImgurGalleryUITestsLaunchTests.swift in Sources */ = {isa = PBXBuildFile; fileRef = 7DD982AC2B8C095A00B1875C /* ImgurGalleryUITestsLaunchTests.swift */; };
		7DD982B82B8C323E00B1875C /* Mulish-Regular.ttf in Resources */ = {isa = PBXBuildFile; fileRef = 7DD982B62B8C323E00B1875C /* Mulish-Regular.ttf */; };
		7DD982B92B8C323E00B1875C /* Merriweather-Black.ttf in Resources */ = {isa = PBXBuildFile; fileRef = 7DD982B72B8C323E00B1875C /* Merriweather-Black.ttf */; };
		7DD982BC2B8C3CEC00B1875C /* UIColor+.swift in Sources */ = {isa = PBXBuildFile; fileRef = 7DD982BB2B8C3CEC00B1875C /* UIColor+.swift */; };
/* End PBXBuildFile section */

/* Begin PBXContainerItemProxy section */
		7D00D4342B8BF5EB00B783F8 /* PBXContainerItemProxy */ = {
			isa = PBXContainerItemProxy;
			containerPortal = 7DAF60552B8982A30089FE2C /* Project object */;
			proxyType = 1;
			remoteGlobalIDString = 7DAF605C2B8982A30089FE2C;
			remoteInfo = ImgurGallery;
		};
		7DD982AE2B8C095A00B1875C /* PBXContainerItemProxy */ = {
			isa = PBXContainerItemProxy;
			containerPortal = 7DAF60552B8982A30089FE2C /* Project object */;
			proxyType = 1;
			remoteGlobalIDString = 7DAF605C2B8982A30089FE2C;
			remoteInfo = ImgurGallery;
		};
/* End PBXContainerItemProxy section */

/* Begin PBXFileReference section */
		7D00D4302B8BF5EA00B783F8 /* ImgurGalleryTests.xctest */ = {isa = PBXFileReference; explicitFileType = wrapper.cfbundle; includeInIndex = 0; path = ImgurGalleryTests.xctest; sourceTree = BUILT_PRODUCTS_DIR; };
		7D3AAF362B8A3CB300179ED5 /* GalleryViewModel.swift */ = {isa = PBXFileReference; lastKnownFileType = sourcecode.swift; path = GalleryViewModel.swift; sourceTree = "<group>"; };
		7D3AAF392B8A3E2C00179ED5 /* GalleryService.swift */ = {isa = PBXFileReference; lastKnownFileType = sourcecode.swift; path = GalleryService.swift; sourceTree = "<group>"; };
		7D3AAF3B2B8A49CA00179ED5 /* Image.swift */ = {isa = PBXFileReference; lastKnownFileType = sourcecode.swift; path = Image.swift; sourceTree = "<group>"; };
		7D3AAF3D2B8AA74700179ED5 /* GalleryView.swift */ = {isa = PBXFileReference; lastKnownFileType = sourcecode.swift; path = GalleryView.swift; sourceTree = "<group>"; };
		7D3AAF3F2B8AAD9E00179ED5 /* Observable.swift */ = {isa = PBXFileReference; lastKnownFileType = sourcecode.swift; path = Observable.swift; sourceTree = "<group>"; };
		7D3AAF412B8AAE3100179ED5 /* ImageViewCellViewModel.swift */ = {isa = PBXFileReference; lastKnownFileType = sourcecode.swift; path = ImageViewCellViewModel.swift; sourceTree = "<group>"; };
		7DAF605D2B8982A30089FE2C /* ImgurGallery.app */ = {isa = PBXFileReference; explicitFileType = wrapper.application; includeInIndex = 0; path = ImgurGallery.app; sourceTree = BUILT_PRODUCTS_DIR; };
		7DAF60602B8982A30089FE2C /* AppDelegate.swift */ = {isa = PBXFileReference; lastKnownFileType = sourcecode.swift; path = AppDelegate.swift; sourceTree = "<group>"; };
		7DAF60622B8982A30089FE2C /* SceneDelegate.swift */ = {isa = PBXFileReference; lastKnownFileType = sourcecode.swift; path = SceneDelegate.swift; sourceTree = "<group>"; };
		7DAF60642B8982A30089FE2C /* GalleryViewController.swift */ = {isa = PBXFileReference; lastKnownFileType = sourcecode.swift; path = GalleryViewController.swift; sourceTree = "<group>"; };
		7DAF60692B8982A60089FE2C /* Assets.xcassets */ = {isa = PBXFileReference; lastKnownFileType = folder.assetcatalog; path = Assets.xcassets; sourceTree = "<group>"; };
		7DAF606C2B8982A60089FE2C /* Base */ = {isa = PBXFileReference; lastKnownFileType = file.storyboard; name = Base; path = Base.lproj/LaunchScreen.storyboard; sourceTree = "<group>"; };
		7DAF606E2B8982A60089FE2C /* Info.plist */ = {isa = PBXFileReference; lastKnownFileType = text.plist.xml; path = Info.plist; sourceTree = "<group>"; };
		7DAF60742B8996300089FE2C /* ImageViewCell.swift */ = {isa = PBXFileReference; lastKnownFileType = sourcecode.swift; path = ImageViewCell.swift; sourceTree = "<group>"; };
		7DD982A22B8C018300B1875C /* GalleryViewModelTests.swift */ = {isa = PBXFileReference; lastKnownFileType = sourcecode.swift; path = GalleryViewModelTests.swift; sourceTree = "<group>"; };
		7DD982A82B8C095900B1875C /* ImgurGalleryUITests.xctest */ = {isa = PBXFileReference; explicitFileType = wrapper.cfbundle; includeInIndex = 0; path = ImgurGalleryUITests.xctest; sourceTree = BUILT_PRODUCTS_DIR; };
		7DD982AA2B8C095A00B1875C /* ImgurGalleryUITests.swift */ = {isa = PBXFileReference; lastKnownFileType = sourcecode.swift; path = ImgurGalleryUITests.swift; sourceTree = "<group>"; };
		7DD982AC2B8C095A00B1875C /* ImgurGalleryUITestsLaunchTests.swift */ = {isa = PBXFileReference; lastKnownFileType = sourcecode.swift; path = ImgurGalleryUITestsLaunchTests.swift; sourceTree = "<group>"; };
		7DD982B62B8C323E00B1875C /* Mulish-Regular.ttf */ = {isa = PBXFileReference; lastKnownFileType = file; path = "Mulish-Regular.ttf"; sourceTree = "<group>"; };
		7DD982B72B8C323E00B1875C /* Merriweather-Black.ttf */ = {isa = PBXFileReference; lastKnownFileType = file; path = "Merriweather-Black.ttf"; sourceTree = "<group>"; };
		7DD982BB2B8C3CEC00B1875C /* UIColor+.swift */ = {isa = PBXFileReference; lastKnownFileType = sourcecode.swift; path = "UIColor+.swift"; sourceTree = "<group>"; };
		B4857B2A3A8A38009AA23E65 /* Pods_ImgurGallery.framework */ = {isa = PBXFileReference; explicitFileType = wrapper.framework; includeInIndex = 0; path = Pods_ImgurGallery.framework; sourceTree = BUILT_PRODUCTS_DIR; };
		CF5C7DBB94FB4DFD266AE9E6 /* Pods-ImgurGallery.debug.xcconfig */ = {isa = PBXFileReference; includeInIndex = 1; lastKnownFileType = text.xcconfig; name = "Pods-ImgurGallery.debug.xcconfig"; path = "Target Support Files/Pods-ImgurGallery/Pods-ImgurGallery.debug.xcconfig"; sourceTree = "<group>"; };
		D6787F9EFE34082153C3A801 /* Pods-ImgurGallery.release.xcconfig */ = {isa = PBXFileReference; includeInIndex = 1; lastKnownFileType = text.xcconfig; name = "Pods-ImgurGallery.release.xcconfig"; path = "Target Support Files/Pods-ImgurGallery/Pods-ImgurGallery.release.xcconfig"; sourceTree = "<group>"; };
/* End PBXFileReference section */

/* Begin PBXFrameworksBuildPhase section */
		7D00D42D2B8BF5EA00B783F8 /* Frameworks */ = {
			isa = PBXFrameworksBuildPhase;
			buildActionMask = 2147483647;
			files = (
			);
			runOnlyForDeploymentPostprocessing = 0;
		};
		7DAF605A2B8982A30089FE2C /* Frameworks */ = {
			isa = PBXFrameworksBuildPhase;
			buildActionMask = 2147483647;
			files = (
				4FDB3157D4A0DD1F1C81F139 /* Pods_ImgurGallery.framework in Frameworks */,
			);
			runOnlyForDeploymentPostprocessing = 0;
		};
		7DD982A52B8C095900B1875C /* Frameworks */ = {
			isa = PBXFrameworksBuildPhase;
			buildActionMask = 2147483647;
			files = (
			);
			runOnlyForDeploymentPostprocessing = 0;
		};
/* End PBXFrameworksBuildPhase section */

/* Begin PBXGroup section */
		27CC27574B74ED0011BE1F6E /* Pods */ = {
			isa = PBXGroup;
			children = (
				CF5C7DBB94FB4DFD266AE9E6 /* Pods-ImgurGallery.debug.xcconfig */,
				D6787F9EFE34082153C3A801 /* Pods-ImgurGallery.release.xcconfig */,
			);
			path = Pods;
			sourceTree = "<group>";
		};
		7D00D4312B8BF5EB00B783F8 /* ImgurGalleryTests */ = {
			isa = PBXGroup;
			children = (
				7DD982A22B8C018300B1875C /* GalleryViewModelTests.swift */,
			);
			path = ImgurGalleryTests;
			sourceTree = "<group>";
		};
		7D3AAF322B8A35E500179ED5 /* Models */ = {
			isa = PBXGroup;
			children = (
				7D3AAF3B2B8A49CA00179ED5 /* Image.swift */,
			);
			path = Models;
			sourceTree = "<group>";
		};
		7D3AAF332B8A35F500179ED5 /* ViewModels */ = {
			isa = PBXGroup;
			children = (
				7D3AAF362B8A3CB300179ED5 /* GalleryViewModel.swift */,
				7D3AAF412B8AAE3100179ED5 /* ImageViewCellViewModel.swift */,
			);
			path = ViewModels;
			sourceTree = "<group>";
		};
		7D3AAF342B8A360200179ED5 /* Views */ = {
			isa = PBXGroup;
			children = (
				7DAF60742B8996300089FE2C /* ImageViewCell.swift */,
				7DAF60642B8982A30089FE2C /* GalleryViewController.swift */,
				7D3AAF3D2B8AA74700179ED5 /* GalleryView.swift */,
			);
			path = Views;
			sourceTree = "<group>";
		};
		7D3AAF352B8A368800179ED5 /* Resources */ = {
			isa = PBXGroup;
			children = (
				7DAF60692B8982A60089FE2C /* Assets.xcassets */,
				7DD982B32B8C2C9200B1875C /* Fonts */,
			);
			path = Resources;
			sourceTree = "<group>";
		};
		7D3AAF382B8A3D7800179ED5 /* Services */ = {
			isa = PBXGroup;
			children = (
				7D3AAF392B8A3E2C00179ED5 /* GalleryService.swift */,
			);
			path = Services;
			sourceTree = "<group>";
		};
		7DAF60542B8982A30089FE2C = {
			isa = PBXGroup;
			children = (
				7DAF605F2B8982A30089FE2C /* ImgurGallery */,
				7D00D4312B8BF5EB00B783F8 /* ImgurGalleryTests */,
				7DD982A92B8C095A00B1875C /* ImgurGalleryUITests */,
				7DAF605E2B8982A30089FE2C /* Products */,
				27CC27574B74ED0011BE1F6E /* Pods */,
				8E1BAB7EDCC37B62690F51AA /* Frameworks */,
			);
			sourceTree = "<group>";
		};
		7DAF605E2B8982A30089FE2C /* Products */ = {
			isa = PBXGroup;
			children = (
				7DAF605D2B8982A30089FE2C /* ImgurGallery.app */,
				7D00D4302B8BF5EA00B783F8 /* ImgurGalleryTests.xctest */,
				7DD982A82B8C095900B1875C /* ImgurGalleryUITests.xctest */,
			);
			name = Products;
			sourceTree = "<group>";
		};
		7DAF605F2B8982A30089FE2C /* ImgurGallery */ = {
			isa = PBXGroup;
			children = (
				7DAF606E2B8982A60089FE2C /* Info.plist */,
				7DAF60602B8982A30089FE2C /* AppDelegate.swift */,
				7DAF60622B8982A30089FE2C /* SceneDelegate.swift */,
				7DAF606B2B8982A60089FE2C /* LaunchScreen.storyboard */,
				7D3AAF3F2B8AAD9E00179ED5 /* Observable.swift */,
				7D3AAF322B8A35E500179ED5 /* Models */,
				7D3AAF342B8A360200179ED5 /* Views */,
				7D3AAF332B8A35F500179ED5 /* ViewModels */,
				7D3AAF382B8A3D7800179ED5 /* Services */,
				7DD982BA2B8C3CB700B1875C /* Extensions */,
				7D3AAF352B8A368800179ED5 /* Resources */,
			);
			path = ImgurGallery;
			sourceTree = "<group>";
		};
		7DD982A92B8C095A00B1875C /* ImgurGalleryUITests */ = {
			isa = PBXGroup;
			children = (
				7DD982AA2B8C095A00B1875C /* ImgurGalleryUITests.swift */,
				7DD982AC2B8C095A00B1875C /* ImgurGalleryUITestsLaunchTests.swift */,
			);
			path = ImgurGalleryUITests;
			sourceTree = "<group>";
		};
		7DD982B32B8C2C9200B1875C /* Fonts */ = {
			isa = PBXGroup;
			children = (
				7DD982B72B8C323E00B1875C /* Merriweather-Black.ttf */,
				7DD982B62B8C323E00B1875C /* Mulish-Regular.ttf */,
			);
			path = Fonts;
			sourceTree = "<group>";
		};
		7DD982BA2B8C3CB700B1875C /* Extensions */ = {
			isa = PBXGroup;
			children = (
				7DD982BB2B8C3CEC00B1875C /* UIColor+.swift */,
			);
			path = Extensions;
			sourceTree = "<group>";
		};
		8E1BAB7EDCC37B62690F51AA /* Frameworks */ = {
			isa = PBXGroup;
			children = (
				B4857B2A3A8A38009AA23E65 /* Pods_ImgurGallery.framework */,
			);
			name = Frameworks;
			sourceTree = "<group>";
		};
/* End PBXGroup section */

/* Begin PBXNativeTarget section */
		7D00D42F2B8BF5EA00B783F8 /* ImgurGalleryTests */ = {
			isa = PBXNativeTarget;
			buildConfigurationList = 7D00D4382B8BF5EB00B783F8 /* Build configuration list for PBXNativeTarget "ImgurGalleryTests" */;
			buildPhases = (
				7D00D42C2B8BF5EA00B783F8 /* Sources */,
				7D00D42D2B8BF5EA00B783F8 /* Frameworks */,
				7D00D42E2B8BF5EA00B783F8 /* Resources */,
			);
			buildRules = (
			);
			dependencies = (
				7D00D4352B8BF5EB00B783F8 /* PBXTargetDependency */,
			);
			name = ImgurGalleryTests;
			productName = ImgurGalleryTests;
			productReference = 7D00D4302B8BF5EA00B783F8 /* ImgurGalleryTests.xctest */;
			productType = "com.apple.product-type.bundle.unit-test";
		};
		7DAF605C2B8982A30089FE2C /* ImgurGallery */ = {
			isa = PBXNativeTarget;
			buildConfigurationList = 7DAF60712B8982A60089FE2C /* Build configuration list for PBXNativeTarget "ImgurGallery" */;
			buildPhases = (
				D7D1C54A778956B5A432BC36 /* [CP] Check Pods Manifest.lock */,
				7DAF60592B8982A30089FE2C /* Sources */,
				7DAF605A2B8982A30089FE2C /* Frameworks */,
				7DAF605B2B8982A30089FE2C /* Resources */,
				DD2A0877B84B8A5927A519FD /* [CP] Embed Pods Frameworks */,
			);
			buildRules = (
			);
			dependencies = (
			);
			name = ImgurGallery;
			productName = ImgurGallery;
			productReference = 7DAF605D2B8982A30089FE2C /* ImgurGallery.app */;
			productType = "com.apple.product-type.application";
		};
		7DD982A72B8C095900B1875C /* ImgurGalleryUITests */ = {
			isa = PBXNativeTarget;
			buildConfigurationList = 7DD982B02B8C095A00B1875C /* Build configuration list for PBXNativeTarget "ImgurGalleryUITests" */;
			buildPhases = (
				7DD982A42B8C095900B1875C /* Sources */,
				7DD982A52B8C095900B1875C /* Frameworks */,
				7DD982A62B8C095900B1875C /* Resources */,
			);
			buildRules = (
			);
			dependencies = (
				7DD982AF2B8C095A00B1875C /* PBXTargetDependency */,
			);
			name = ImgurGalleryUITests;
			productName = ImgurGalleryUITests;
			productReference = 7DD982A82B8C095900B1875C /* ImgurGalleryUITests.xctest */;
			productType = "com.apple.product-type.bundle.ui-testing";
		};
/* End PBXNativeTarget section */

/* Begin PBXProject section */
		7DAF60552B8982A30089FE2C /* Project object */ = {
			isa = PBXProject;
			attributes = {
				BuildIndependentTargetsInParallel = 1;
				LastSwiftUpdateCheck = 1520;
				LastUpgradeCheck = 1520;
				TargetAttributes = {
					7D00D42F2B8BF5EA00B783F8 = {
						CreatedOnToolsVersion = 15.2;
						TestTargetID = 7DAF605C2B8982A30089FE2C;
					};
					7DAF605C2B8982A30089FE2C = {
						CreatedOnToolsVersion = 15.2;
					};
					7DD982A72B8C095900B1875C = {
						CreatedOnToolsVersion = 15.2;
						TestTargetID = 7DAF605C2B8982A30089FE2C;
					};
				};
			};
			buildConfigurationList = 7DAF60582B8982A30089FE2C /* Build configuration list for PBXProject "ImgurGallery" */;
			compatibilityVersion = "Xcode 14.0";
			developmentRegion = en;
			hasScannedForEncodings = 0;
			knownRegions = (
				en,
				Base,
			);
			mainGroup = 7DAF60542B8982A30089FE2C;
			productRefGroup = 7DAF605E2B8982A30089FE2C /* Products */;
			projectDirPath = "";
			projectRoot = "";
			targets = (
				7DAF605C2B8982A30089FE2C /* ImgurGallery */,
				7D00D42F2B8BF5EA00B783F8 /* ImgurGalleryTests */,
				7DD982A72B8C095900B1875C /* ImgurGalleryUITests */,
			);
		};
/* End PBXProject section */

/* Begin PBXResourcesBuildPhase section */
		7D00D42E2B8BF5EA00B783F8 /* Resources */ = {
			isa = PBXResourcesBuildPhase;
			buildActionMask = 2147483647;
			files = (
			);
			runOnlyForDeploymentPostprocessing = 0;
		};
		7DAF605B2B8982A30089FE2C /* Resources */ = {
			isa = PBXResourcesBuildPhase;
			buildActionMask = 2147483647;
			files = (
				7DD982B82B8C323E00B1875C /* Mulish-Regular.ttf in Resources */,
				7DAF606D2B8982A60089FE2C /* LaunchScreen.storyboard in Resources */,
				7DAF606A2B8982A60089FE2C /* Assets.xcassets in Resources */,
				7DD982B92B8C323E00B1875C /* Merriweather-Black.ttf in Resources */,
			);
			runOnlyForDeploymentPostprocessing = 0;
		};
		7DD982A62B8C095900B1875C /* Resources */ = {
			isa = PBXResourcesBuildPhase;
			buildActionMask = 2147483647;
			files = (
			);
			runOnlyForDeploymentPostprocessing = 0;
		};
/* End PBXResourcesBuildPhase section */

/* Begin PBXShellScriptBuildPhase section */
		D7D1C54A778956B5A432BC36 /* [CP] Check Pods Manifest.lock */ = {
			isa = PBXShellScriptBuildPhase;
			buildActionMask = 2147483647;
			files = (
			);
			inputFileListPaths = (
			);
			inputPaths = (
				"${PODS_PODFILE_DIR_PATH}/Podfile.lock",
				"${PODS_ROOT}/Manifest.lock",
			);
			name = "[CP] Check Pods Manifest.lock";
			outputFileListPaths = (
			);
			outputPaths = (
				"$(DERIVED_FILE_DIR)/Pods-ImgurGallery-checkManifestLockResult.txt",
			);
			runOnlyForDeploymentPostprocessing = 0;
			shellPath = /bin/sh;
			shellScript = "diff \"${PODS_PODFILE_DIR_PATH}/Podfile.lock\" \"${PODS_ROOT}/Manifest.lock\" > /dev/null\nif [ $? != 0 ] ; then\n    # print error to STDERR\n    echo \"error: The sandbox is not in sync with the Podfile.lock. Run 'pod install' or update your CocoaPods installation.\" >&2\n    exit 1\nfi\n# This output is used by Xcode 'outputs' to avoid re-running this script phase.\necho \"SUCCESS\" > \"${SCRIPT_OUTPUT_FILE_0}\"\n";
			showEnvVarsInLog = 0;
		};
		DD2A0877B84B8A5927A519FD /* [CP] Embed Pods Frameworks */ = {
			isa = PBXShellScriptBuildPhase;
			buildActionMask = 2147483647;
			files = (
			);
			inputFileListPaths = (
				"${PODS_ROOT}/Target Support Files/Pods-ImgurGallery/Pods-ImgurGallery-frameworks-${CONFIGURATION}-input-files.xcfilelist",
			);
			name = "[CP] Embed Pods Frameworks";
			outputFileListPaths = (
				"${PODS_ROOT}/Target Support Files/Pods-ImgurGallery/Pods-ImgurGallery-frameworks-${CONFIGURATION}-output-files.xcfilelist",
			);
			runOnlyForDeploymentPostprocessing = 0;
			shellPath = /bin/sh;
			shellScript = "\"${PODS_ROOT}/Target Support Files/Pods-ImgurGallery/Pods-ImgurGallery-frameworks.sh\"\n";
			showEnvVarsInLog = 0;
		};
/* End PBXShellScriptBuildPhase section */

/* Begin PBXSourcesBuildPhase section */
		7D00D42C2B8BF5EA00B783F8 /* Sources */ = {
			isa = PBXSourcesBuildPhase;
			buildActionMask = 2147483647;
			files = (
				7DD982A32B8C018300B1875C /* GalleryViewModelTests.swift in Sources */,
			);
			runOnlyForDeploymentPostprocessing = 0;
		};
		7DAF60592B8982A30089FE2C /* Sources */ = {
			isa = PBXSourcesBuildPhase;
			buildActionMask = 2147483647;
			files = (
				7D3AAF3C2B8A49CA00179ED5 /* Image.swift in Sources */,
				7DAF60652B8982A30089FE2C /* GalleryViewController.swift in Sources */,
				7D3AAF372B8A3CB300179ED5 /* GalleryViewModel.swift in Sources */,
				7DAF60612B8982A30089FE2C /* AppDelegate.swift in Sources */,
				7DD982BC2B8C3CEC00B1875C /* UIColor+.swift in Sources */,
				7D3AAF402B8AAD9E00179ED5 /* Observable.swift in Sources */,
				7DAF60752B8996300089FE2C /* ImageViewCell.swift in Sources */,
				7D3AAF422B8AAE3100179ED5 /* ImageViewCellViewModel.swift in Sources */,
				7D3AAF3A2B8A3E2C00179ED5 /* GalleryService.swift in Sources */,
				7DAF60632B8982A30089FE2C /* SceneDelegate.swift in Sources */,
				7D3AAF3E2B8AA74700179ED5 /* GalleryView.swift in Sources */,
			);
			runOnlyForDeploymentPostprocessing = 0;
		};
		7DD982A42B8C095900B1875C /* Sources */ = {
			isa = PBXSourcesBuildPhase;
			buildActionMask = 2147483647;
			files = (
				7DD982AD2B8C095A00B1875C /* ImgurGalleryUITestsLaunchTests.swift in Sources */,
				7DD982AB2B8C095A00B1875C /* ImgurGalleryUITests.swift in Sources */,
			);
			runOnlyForDeploymentPostprocessing = 0;
		};
/* End PBXSourcesBuildPhase section */

/* Begin PBXTargetDependency section */
		7D00D4352B8BF5EB00B783F8 /* PBXTargetDependency */ = {
			isa = PBXTargetDependency;
			target = 7DAF605C2B8982A30089FE2C /* ImgurGallery */;
			targetProxy = 7D00D4342B8BF5EB00B783F8 /* PBXContainerItemProxy */;
		};
		7DD982AF2B8C095A00B1875C /* PBXTargetDependency */ = {
			isa = PBXTargetDependency;
			target = 7DAF605C2B8982A30089FE2C /* ImgurGallery */;
			targetProxy = 7DD982AE2B8C095A00B1875C /* PBXContainerItemProxy */;
		};
/* End PBXTargetDependency section */

/* Begin PBXVariantGroup section */
		7DAF606B2B8982A60089FE2C /* LaunchScreen.storyboard */ = {
			isa = PBXVariantGroup;
			children = (
				7DAF606C2B8982A60089FE2C /* Base */,
			);
			name = LaunchScreen.storyboard;
			sourceTree = "<group>";
		};
/* End PBXVariantGroup section */

/* Begin XCBuildConfiguration section */
		7D00D4362B8BF5EB00B783F8 /* Debug */ = {
			isa = XCBuildConfiguration;
			buildSettings = {
				BUNDLE_LOADER = "$(TEST_HOST)";
				CODE_SIGN_STYLE = Automatic;
				CURRENT_PROJECT_VERSION = 1;
				DEVELOPMENT_TEAM = J974G5Q3H8;
				GENERATE_INFOPLIST_FILE = YES;
				IPHONEOS_DEPLOYMENT_TARGET = 13.0;
				MARKETING_VERSION = 1.0;
				PRODUCT_BUNDLE_IDENTIFIER = linconlrufino.ImgurGalleryTests;
				PRODUCT_NAME = "$(TARGET_NAME)";
				SWIFT_EMIT_LOC_STRINGS = NO;
				SWIFT_VERSION = 5.0;
				TARGETED_DEVICE_FAMILY = "1,2";
				TEST_HOST = "$(BUILT_PRODUCTS_DIR)/ImgurGallery.app/$(BUNDLE_EXECUTABLE_FOLDER_PATH)/ImgurGallery";
			};
			name = Debug;
		};
		7D00D4372B8BF5EB00B783F8 /* Release */ = {
			isa = XCBuildConfiguration;
			buildSettings = {
				BUNDLE_LOADER = "$(TEST_HOST)";
				CODE_SIGN_STYLE = Automatic;
				CURRENT_PROJECT_VERSION = 1;
				DEVELOPMENT_TEAM = J974G5Q3H8;
				GENERATE_INFOPLIST_FILE = YES;
				IPHONEOS_DEPLOYMENT_TARGET = 13.0;
				MARKETING_VERSION = 1.0;
				PRODUCT_BUNDLE_IDENTIFIER = linconlrufino.ImgurGalleryTests;
				PRODUCT_NAME = "$(TARGET_NAME)";
				SWIFT_EMIT_LOC_STRINGS = NO;
				SWIFT_VERSION = 5.0;
				TARGETED_DEVICE_FAMILY = "1,2";
				TEST_HOST = "$(BUILT_PRODUCTS_DIR)/ImgurGallery.app/$(BUNDLE_EXECUTABLE_FOLDER_PATH)/ImgurGallery";
			};
			name = Release;
		};
		7DAF606F2B8982A60089FE2C /* Debug */ = {
			isa = XCBuildConfiguration;
			buildSettings = {
				ALWAYS_SEARCH_USER_PATHS = NO;
				ASSETCATALOG_COMPILER_GENERATE_SWIFT_ASSET_SYMBOL_EXTENSIONS = YES;
				CLANG_ANALYZER_NONNULL = YES;
				CLANG_ANALYZER_NUMBER_OBJECT_CONVERSION = YES_AGGRESSIVE;
				CLANG_CXX_LANGUAGE_STANDARD = "gnu++20";
				CLANG_ENABLE_MODULES = YES;
				CLANG_ENABLE_OBJC_ARC = YES;
				CLANG_ENABLE_OBJC_WEAK = YES;
				CLANG_WARN_BLOCK_CAPTURE_AUTORELEASING = YES;
				CLANG_WARN_BOOL_CONVERSION = YES;
				CLANG_WARN_COMMA = YES;
				CLANG_WARN_CONSTANT_CONVERSION = YES;
				CLANG_WARN_DEPRECATED_OBJC_IMPLEMENTATIONS = YES;
				CLANG_WARN_DIRECT_OBJC_ISA_USAGE = YES_ERROR;
				CLANG_WARN_DOCUMENTATION_COMMENTS = YES;
				CLANG_WARN_EMPTY_BODY = YES;
				CLANG_WARN_ENUM_CONVERSION = YES;
				CLANG_WARN_INFINITE_RECURSION = YES;
				CLANG_WARN_INT_CONVERSION = YES;
				CLANG_WARN_NON_LITERAL_NULL_CONVERSION = YES;
				CLANG_WARN_OBJC_IMPLICIT_RETAIN_SELF = YES;
				CLANG_WARN_OBJC_LITERAL_CONVERSION = YES;
				CLANG_WARN_OBJC_ROOT_CLASS = YES_ERROR;
				CLANG_WARN_QUOTED_INCLUDE_IN_FRAMEWORK_HEADER = YES;
				CLANG_WARN_RANGE_LOOP_ANALYSIS = YES;
				CLANG_WARN_STRICT_PROTOTYPES = YES;
				CLANG_WARN_SUSPICIOUS_MOVE = YES;
				CLANG_WARN_UNGUARDED_AVAILABILITY = YES_AGGRESSIVE;
				CLANG_WARN_UNREACHABLE_CODE = YES;
				CLANG_WARN__DUPLICATE_METHOD_MATCH = YES;
				COPY_PHASE_STRIP = NO;
				DEBUG_INFORMATION_FORMAT = dwarf;
				ENABLE_STRICT_OBJC_MSGSEND = YES;
				ENABLE_TESTABILITY = YES;
				ENABLE_USER_SCRIPT_SANDBOXING = YES;
				GCC_C_LANGUAGE_STANDARD = gnu17;
				GCC_DYNAMIC_NO_PIC = NO;
				GCC_NO_COMMON_BLOCKS = YES;
				GCC_OPTIMIZATION_LEVEL = 0;
				GCC_PREPROCESSOR_DEFINITIONS = (
					"DEBUG=1",
					"$(inherited)",
				);
				GCC_WARN_64_TO_32_BIT_CONVERSION = YES;
				GCC_WARN_ABOUT_RETURN_TYPE = YES_ERROR;
				GCC_WARN_UNDECLARED_SELECTOR = YES;
				GCC_WARN_UNINITIALIZED_AUTOS = YES_AGGRESSIVE;
				GCC_WARN_UNUSED_FUNCTION = YES;
				GCC_WARN_UNUSED_VARIABLE = YES;
				IPHONEOS_DEPLOYMENT_TARGET = 13.0;
				LOCALIZATION_PREFERS_STRING_CATALOGS = YES;
				MTL_ENABLE_DEBUG_INFO = INCLUDE_SOURCE;
				MTL_FAST_MATH = YES;
				ONLY_ACTIVE_ARCH = YES;
				SDKROOT = iphoneos;
				SWIFT_ACTIVE_COMPILATION_CONDITIONS = "DEBUG $(inherited)";
				SWIFT_OPTIMIZATION_LEVEL = "-Onone";
			};
			name = Debug;
		};
		7DAF60702B8982A60089FE2C /* Release */ = {
			isa = XCBuildConfiguration;
			buildSettings = {
				ALWAYS_SEARCH_USER_PATHS = NO;
				ASSETCATALOG_COMPILER_GENERATE_SWIFT_ASSET_SYMBOL_EXTENSIONS = YES;
				CLANG_ANALYZER_NONNULL = YES;
				CLANG_ANALYZER_NUMBER_OBJECT_CONVERSION = YES_AGGRESSIVE;
				CLANG_CXX_LANGUAGE_STANDARD = "gnu++20";
				CLANG_ENABLE_MODULES = YES;
				CLANG_ENABLE_OBJC_ARC = YES;
				CLANG_ENABLE_OBJC_WEAK = YES;
				CLANG_WARN_BLOCK_CAPTURE_AUTORELEASING = YES;
				CLANG_WARN_BOOL_CONVERSION = YES;
				CLANG_WARN_COMMA = YES;
				CLANG_WARN_CONSTANT_CONVERSION = YES;
				CLANG_WARN_DEPRECATED_OBJC_IMPLEMENTATIONS = YES;
				CLANG_WARN_DIRECT_OBJC_ISA_USAGE = YES_ERROR;
				CLANG_WARN_DOCUMENTATION_COMMENTS = YES;
				CLANG_WARN_EMPTY_BODY = YES;
				CLANG_WARN_ENUM_CONVERSION = YES;
				CLANG_WARN_INFINITE_RECURSION = YES;
				CLANG_WARN_INT_CONVERSION = YES;
				CLANG_WARN_NON_LITERAL_NULL_CONVERSION = YES;
				CLANG_WARN_OBJC_IMPLICIT_RETAIN_SELF = YES;
				CLANG_WARN_OBJC_LITERAL_CONVERSION = YES;
				CLANG_WARN_OBJC_ROOT_CLASS = YES_ERROR;
				CLANG_WARN_QUOTED_INCLUDE_IN_FRAMEWORK_HEADER = YES;
				CLANG_WARN_RANGE_LOOP_ANALYSIS = YES;
				CLANG_WARN_STRICT_PROTOTYPES = YES;
				CLANG_WARN_SUSPICIOUS_MOVE = YES;
				CLANG_WARN_UNGUARDED_AVAILABILITY = YES_AGGRESSIVE;
				CLANG_WARN_UNREACHABLE_CODE = YES;
				CLANG_WARN__DUPLICATE_METHOD_MATCH = YES;
				COPY_PHASE_STRIP = NO;
				DEBUG_INFORMATION_FORMAT = "dwarf-with-dsym";
				ENABLE_NS_ASSERTIONS = NO;
				ENABLE_STRICT_OBJC_MSGSEND = YES;
				ENABLE_USER_SCRIPT_SANDBOXING = YES;
				GCC_C_LANGUAGE_STANDARD = gnu17;
				GCC_NO_COMMON_BLOCKS = YES;
				GCC_WARN_64_TO_32_BIT_CONVERSION = YES;
				GCC_WARN_ABOUT_RETURN_TYPE = YES_ERROR;
				GCC_WARN_UNDECLARED_SELECTOR = YES;
				GCC_WARN_UNINITIALIZED_AUTOS = YES_AGGRESSIVE;
				GCC_WARN_UNUSED_FUNCTION = YES;
				GCC_WARN_UNUSED_VARIABLE = YES;
				IPHONEOS_DEPLOYMENT_TARGET = 13.0;
				LOCALIZATION_PREFERS_STRING_CATALOGS = YES;
				MTL_ENABLE_DEBUG_INFO = NO;
				MTL_FAST_MATH = YES;
				SDKROOT = iphoneos;
				SWIFT_COMPILATION_MODE = wholemodule;
				VALIDATE_PRODUCT = YES;
			};
			name = Release;
		};
		7DAF60722B8982A60089FE2C /* Debug */ = {
			isa = XCBuildConfiguration;
			baseConfigurationReference = CF5C7DBB94FB4DFD266AE9E6 /* Pods-ImgurGallery.debug.xcconfig */;
			buildSettings = {
				ASSETCATALOG_COMPILER_APPICON_NAME = AppIcon;
				ASSETCATALOG_COMPILER_GLOBAL_ACCENT_COLOR_NAME = AccentColor;
				CODE_SIGN_STYLE = Automatic;
				CURRENT_PROJECT_VERSION = 1;
				DEVELOPMENT_TEAM = J974G5Q3H8;
				ENABLE_USER_SCRIPT_SANDBOXING = NO;
				GENERATE_INFOPLIST_FILE = YES;
				INFOPLIST_FILE = ImgurGallery/Info.plist;
				INFOPLIST_KEY_UIApplicationSupportsIndirectInputEvents = YES;
				INFOPLIST_KEY_UILaunchStoryboardName = LaunchScreen;
				INFOPLIST_KEY_UIMainStoryboardFile = "";
				INFOPLIST_KEY_UISupportedInterfaceOrientations_iPad = "UIInterfaceOrientationPortrait UIInterfaceOrientationPortraitUpsideDown UIInterfaceOrientationLandscapeLeft UIInterfaceOrientationLandscapeRight";
				INFOPLIST_KEY_UISupportedInterfaceOrientations_iPhone = "UIInterfaceOrientationPortrait UIInterfaceOrientationLandscapeLeft UIInterfaceOrientationLandscapeRight";
				IPHONEOS_DEPLOYMENT_TARGET = 13;
				LD_RUNPATH_SEARCH_PATHS = (
					"$(inherited)",
					"@executable_path/Frameworks",
				);
				MARKETING_VERSION = 1.0;
				PRODUCT_BUNDLE_IDENTIFIER = linconlrufino.ImgurGallery;
				PRODUCT_NAME = "$(TARGET_NAME)";
				SWIFT_EMIT_LOC_STRINGS = YES;
				SWIFT_VERSION = 5.0;
				TARGETED_DEVICE_FAMILY = "1,2";
			};
			name = Debug;
		};
		7DAF60732B8982A60089FE2C /* Release */ = {
			isa = XCBuildConfiguration;
			baseConfigurationReference = D6787F9EFE34082153C3A801 /* Pods-ImgurGallery.release.xcconfig */;
			buildSettings = {
				ASSETCATALOG_COMPILER_APPICON_NAME = AppIcon;
				ASSETCATALOG_COMPILER_GLOBAL_ACCENT_COLOR_NAME = AccentColor;
				CODE_SIGN_STYLE = Automatic;
				CURRENT_PROJECT_VERSION = 1;
				DEVELOPMENT_TEAM = J974G5Q3H8;
				ENABLE_USER_SCRIPT_SANDBOXING = NO;
				GENERATE_INFOPLIST_FILE = YES;
				INFOPLIST_FILE = ImgurGallery/Info.plist;
				INFOPLIST_KEY_UIApplicationSupportsIndirectInputEvents = YES;
				INFOPLIST_KEY_UILaunchStoryboardName = LaunchScreen;
				INFOPLIST_KEY_UIMainStoryboardFile = "";
				INFOPLIST_KEY_UISupportedInterfaceOrientations_iPad = "UIInterfaceOrientationPortrait UIInterfaceOrientationPortraitUpsideDown UIInterfaceOrientationLandscapeLeft UIInterfaceOrientationLandscapeRight";
				INFOPLIST_KEY_UISupportedInterfaceOrientations_iPhone = "UIInterfaceOrientationPortrait UIInterfaceOrientationLandscapeLeft UIInterfaceOrientationLandscapeRight";
				IPHONEOS_DEPLOYMENT_TARGET = 13;
				LD_RUNPATH_SEARCH_PATHS = (
					"$(inherited)",
					"@executable_path/Frameworks",
				);
				MARKETING_VERSION = 1.0;
				PRODUCT_BUNDLE_IDENTIFIER = linconlrufino.ImgurGallery;
				PRODUCT_NAME = "$(TARGET_NAME)";
				SWIFT_EMIT_LOC_STRINGS = YES;
				SWIFT_VERSION = 5.0;
				TARGETED_DEVICE_FAMILY = "1,2";
			};
			name = Release;
		};
		7DD982B12B8C095A00B1875C /* Debug */ = {
			isa = XCBuildConfiguration;
			buildSettings = {
				CODE_SIGN_STYLE = Automatic;
				CURRENT_PROJECT_VERSION = 1;
				DEVELOPMENT_TEAM = J974G5Q3H8;
				GENERATE_INFOPLIST_FILE = YES;
				IPHONEOS_DEPLOYMENT_TARGET = 13.0;
				MARKETING_VERSION = 1.0;
				PRODUCT_BUNDLE_IDENTIFIER = linconlrufino.ImgurGalleryUITests;
				PRODUCT_NAME = "$(TARGET_NAME)";
				SWIFT_EMIT_LOC_STRINGS = NO;
				SWIFT_VERSION = 5.0;
				TARGETED_DEVICE_FAMILY = "1,2";
				TEST_TARGET_NAME = ImgurGallery;
			};
			name = Debug;
		};
		7DD982B22B8C095A00B1875C /* Release */ = {
			isa = XCBuildConfiguration;
			buildSettings = {
				CODE_SIGN_STYLE = Automatic;
				CURRENT_PROJECT_VERSION = 1;
				DEVELOPMENT_TEAM = J974G5Q3H8;
				GENERATE_INFOPLIST_FILE = YES;
				IPHONEOS_DEPLOYMENT_TARGET = 13.0;
				MARKETING_VERSION = 1.0;
				PRODUCT_BUNDLE_IDENTIFIER = linconlrufino.ImgurGalleryUITests;
				PRODUCT_NAME = "$(TARGET_NAME)";
				SWIFT_EMIT_LOC_STRINGS = NO;
				SWIFT_VERSION = 5.0;
				TARGETED_DEVICE_FAMILY = "1,2";
				TEST_TARGET_NAME = ImgurGallery;
			};
			name = Release;
		};
/* End XCBuildConfiguration section */

/* Begin XCConfigurationList section */
		7D00D4382B8BF5EB00B783F8 /* Build configuration list for PBXNativeTarget "ImgurGalleryTests" */ = {
			isa = XCConfigurationList;
			buildConfigurations = (
				7D00D4362B8BF5EB00B783F8 /* Debug */,
				7D00D4372B8BF5EB00B783F8 /* Release */,
			);
			defaultConfigurationIsVisible = 0;
			defaultConfigurationName = Release;
		};
		7DAF60582B8982A30089FE2C /* Build configuration list for PBXProject "ImgurGallery" */ = {
			isa = XCConfigurationList;
			buildConfigurations = (
				7DAF606F2B8982A60089FE2C /* Debug */,
				7DAF60702B8982A60089FE2C /* Release */,
			);
			defaultConfigurationIsVisible = 0;
			defaultConfigurationName = Release;
		};
		7DAF60712B8982A60089FE2C /* Build configuration list for PBXNativeTarget "ImgurGallery" */ = {
			isa = XCConfigurationList;
			buildConfigurations = (
				7DAF60722B8982A60089FE2C /* Debug */,
				7DAF60732B8982A60089FE2C /* Release */,
			);
			defaultConfigurationIsVisible = 0;
			defaultConfigurationName = Release;
		};
		7DD982B02B8C095A00B1875C /* Build configuration list for PBXNativeTarget "ImgurGalleryUITests" */ = {
			isa = XCConfigurationList;
			buildConfigurations = (
				7DD982B12B8C095A00B1875C /* Debug */,
				7DD982B22B8C095A00B1875C /* Release */,
			);
			defaultConfigurationIsVisible = 0;
			defaultConfigurationName = Release;
		};
/* End XCConfigurationList section */
	};
	rootObject = 7DAF60552B8982A30089FE2C /* Project object */;
}
